
Microsoft Visual Studio Solution File, Format Version 12.00
# Visual Studio Version 17
VisualStudioVersion = 17.8.34330.188
MinimumVisualStudioVersion = 10.0.40219.1
Project("{FAE04EC0-301F-11D3-BF4B-00C04F79EFBC}") = "AutomobileLibrary", "AutomobileSolution\AutomobileLibrary.csproj", "{0CBDE044-3A08-48EA-8271-E2541A9D57ED}"
EndProject
Project("{FAE04EC0-301F-11D3-BF4B-00C04F79EFBC}") = "AutomobileWinform", "AutomobileWinform\AutomobileWinform.csproj", "{649C87C5-30CE-4341-AB09-B32E373CB2D8}"
EndProject
Global
	GlobalSection(SolutionConfigurationPlatforms) = preSolution
		Debug|Any CPU = Debug|Any CPU
		Release|Any CPU = Release|Any CPU
	EndGlobalSection
	GlobalSection(ProjectConfigurationPlatforms) = postSolution
		{0CBDE044-3A08-48EA-8271-E2541A9D57ED}.Debug|Any CPU.ActiveCfg = Debug|Any CPU
		{0CBDE044-3A08-48EA-8271-E2541A9D57ED}.Debug|Any CPU.Build.0 = Debug|Any CPU
		{0CBDE044-3A08-48EA-8271-E2541A9D57ED}.Release|Any CPU.ActiveCfg = Release|Any CPU
		{0CBDE044-3A08-48EA-8271-E2541A9D57ED}.Release|Any CPU.Build.0 = Release|Any CPU
		{649C87C5-30CE-4341-AB09-B32E373CB2D8}.Debug|Any CPU.ActiveCfg = Debug|Any CPU
		{649C87C5-30CE-4341-AB09-B32E373CB2D8}.Debug|Any CPU.Build.0 = Debug|Any CPU
		{649C87C5-30CE-4341-AB09-B32E373CB2D8}.Release|Any CPU.ActiveCfg = Release|Any CPU
		{649C87C5-30CE-4341-AB09-B32E373CB2D8}.Release|Any CPU.Build.0 = Release|Any CPU
	EndGlobalSection
	GlobalSection(SolutionProperties) = preSolution
		HideSolutionNode = FALSE
	EndGlobalSection
	GlobalSection(ExtensibilityGlobals) = postSolution
		SolutionGuid = {2E40BA49-3A82-4B93-B35E-69361EB63B65}
	EndGlobalSection
EndGlobal
